// !$*UTF8*$!
{
	archiveVersion = 1;
	classes = {
	};
	objectVersion = 50;
	objects = {

/* Begin PBXBuildFile section */
		42ABD4D96ACDC5873F92609F /* Pods_MemeLens.framework in Frameworks */ = {isa = PBXBuildFile; fileRef = F045E2928ACF67BDD7594432 /* Pods_MemeLens.framework */; };
		53393D4E2206575C00AAEDA8 /* Images.swift in Sources */ = {isa = PBXBuildFile; fileRef = 53393D4D2206575C00AAEDA8 /* Images.swift */; };
		53964D4A2206135E00767D94 /* AppDelegate.swift in Sources */ = {isa = PBXBuildFile; fileRef = 53964D492206135E00767D94 /* AppDelegate.swift */; };
		53964D512206136000767D94 /* Assets.xcassets in Resources */ = {isa = PBXBuildFile; fileRef = 53964D502206136000767D94 /* Assets.xcassets */; };
		53964D542206136000767D94 /* LaunchScreen.storyboard in Resources */ = {isa = PBXBuildFile; fileRef = 53964D522206136000767D94 /* LaunchScreen.storyboard */; };
		53964D5D2206143700767D94 /* AppFlowController.swift in Sources */ = {isa = PBXBuildFile; fileRef = 53964D5C2206143700767D94 /* AppFlowController.swift */; };
		53964D5F2206145600767D94 /* SplashViewController.swift in Sources */ = {isa = PBXBuildFile; fileRef = 53964D5E2206145600767D94 /* SplashViewController.swift */; };
		53964D612206164E00767D94 /* UI.swift in Sources */ = {isa = PBXBuildFile; fileRef = 53964D602206164E00767D94 /* UI.swift */; };
		53964D6422061BCF00767D94 /* UIColor+HexValue.swift in Sources */ = {isa = PBXBuildFile; fileRef = 53964D6322061BCF00767D94 /* UIColor+HexValue.swift */; };
		53964D6622061C4C00767D94 /* UIViewController+AddRemoveChild.swift in Sources */ = {isa = PBXBuildFile; fileRef = 53964D6522061C4C00767D94 /* UIViewController+AddRemoveChild.swift */; };
		53964D6822061C6500767D94 /* String+image.swift in Sources */ = {isa = PBXBuildFile; fileRef = 53964D6722061C6500767D94 /* String+image.swift */; };
		53964D6A22061F4E00767D94 /* MainViewController.swift in Sources */ = {isa = PBXBuildFile; fileRef = 53964D6922061F4E00767D94 /* MainViewController.swift */; };
/* End PBXBuildFile section */

/* Begin PBXFileReference section */
		53393D4D2206575C00AAEDA8 /* Images.swift */ = {isa = PBXFileReference; lastKnownFileType = sourcecode.swift; path = Images.swift; sourceTree = "<group>"; };
		53964D462206135E00767D94 /* MemeLens.app */ = {isa = PBXFileReference; explicitFileType = wrapper.application; includeInIndex = 0; path = MemeLens.app; sourceTree = BUILT_PRODUCTS_DIR; };
		53964D492206135E00767D94 /* AppDelegate.swift */ = {isa = PBXFileReference; lastKnownFileType = sourcecode.swift; path = AppDelegate.swift; sourceTree = "<group>"; };
		53964D502206136000767D94 /* Assets.xcassets */ = {isa = PBXFileReference; lastKnownFileType = folder.assetcatalog; path = Assets.xcassets; sourceTree = "<group>"; };
		53964D532206136000767D94 /* Base */ = {isa = PBXFileReference; lastKnownFileType = file.storyboard; name = Base; path = Base.lproj/LaunchScreen.storyboard; sourceTree = "<group>"; };
		53964D552206136000767D94 /* Info.plist */ = {isa = PBXFileReference; lastKnownFileType = text.plist.xml; path = Info.plist; sourceTree = "<group>"; };
		53964D5C2206143700767D94 /* AppFlowController.swift */ = {isa = PBXFileReference; lastKnownFileType = sourcecode.swift; path = AppFlowController.swift; sourceTree = "<group>"; };
		53964D5E2206145600767D94 /* SplashViewController.swift */ = {isa = PBXFileReference; lastKnownFileType = sourcecode.swift; path = SplashViewController.swift; sourceTree = "<group>"; };
		53964D602206164E00767D94 /* UI.swift */ = {isa = PBXFileReference; lastKnownFileType = sourcecode.swift; path = UI.swift; sourceTree = "<group>"; };
		53964D6322061BCF00767D94 /* UIColor+HexValue.swift */ = {isa = PBXFileReference; lastKnownFileType = sourcecode.swift; path = "UIColor+HexValue.swift"; sourceTree = "<group>"; };
		53964D6522061C4C00767D94 /* UIViewController+AddRemoveChild.swift */ = {isa = PBXFileReference; lastKnownFileType = sourcecode.swift; path = "UIViewController+AddRemoveChild.swift"; sourceTree = "<group>"; };
		53964D6722061C6500767D94 /* String+image.swift */ = {isa = PBXFileReference; lastKnownFileType = sourcecode.swift; path = "String+image.swift"; sourceTree = "<group>"; };
		53964D6922061F4E00767D94 /* MainViewController.swift */ = {isa = PBXFileReference; lastKnownFileType = sourcecode.swift; path = MainViewController.swift; sourceTree = "<group>"; };
		8E86E5AF0637EEE17D1AD548 /* Pods-MemeLens.debug.xcconfig */ = {isa = PBXFileReference; includeInIndex = 1; lastKnownFileType = text.xcconfig; name = "Pods-MemeLens.debug.xcconfig"; path = "Pods/Target Support Files/Pods-MemeLens/Pods-MemeLens.debug.xcconfig"; sourceTree = "<group>"; };
		BF0D17C88C52EB59975AA7CB /* Pods-MemeLens.release.xcconfig */ = {isa = PBXFileReference; includeInIndex = 1; lastKnownFileType = text.xcconfig; name = "Pods-MemeLens.release.xcconfig"; path = "Pods/Target Support Files/Pods-MemeLens/Pods-MemeLens.release.xcconfig"; sourceTree = "<group>"; };
		F045E2928ACF67BDD7594432 /* Pods_MemeLens.framework */ = {isa = PBXFileReference; explicitFileType = wrapper.framework; includeInIndex = 0; path = Pods_MemeLens.framework; sourceTree = BUILT_PRODUCTS_DIR; };
/* End PBXFileReference section */

/* Begin PBXFrameworksBuildPhase section */
		53964D432206135E00767D94 /* Frameworks */ = {
			isa = PBXFrameworksBuildPhase;
			buildActionMask = 2147483647;
			files = (
				42ABD4D96ACDC5873F92609F /* Pods_MemeLens.framework in Frameworks */,
			);
			runOnlyForDeploymentPostprocessing = 0;
		};
/* End PBXFrameworksBuildPhase section */

/* Begin PBXGroup section */
		53964D3D2206135E00767D94 = {
			isa = PBXGroup;
			children = (
				53964D482206135E00767D94 /* MemeLens */,
				53964D472206135E00767D94 /* Products */,
				D6947A94D492073D48E51246 /* Pods */,
				6BD775FB1575ADF168E63763 /* Frameworks */,
			);
			sourceTree = "<group>";
		};
		53964D472206135E00767D94 /* Products */ = {
			isa = PBXGroup;
			children = (
				53964D462206135E00767D94 /* MemeLens.app */,
			);
			name = Products;
			sourceTree = "<group>";
		};
		53964D482206135E00767D94 /* MemeLens */ = {
			isa = PBXGroup;
			children = (
				53964D552206136000767D94 /* Info.plist */,
				53964D522206136000767D94 /* LaunchScreen.storyboard */,
				53964D5E2206145600767D94 /* SplashViewController.swift */,
				53964D492206135E00767D94 /* AppDelegate.swift */,
				53964D5C2206143700767D94 /* AppFlowController.swift */,
				53964D6922061F4E00767D94 /* MainViewController.swift */,
				53964D5B2206141900767D94 /* Resources */,
				53964D6222061B8C00767D94 /* Extensions */,
				53393D4D2206575C00AAEDA8 /* Images.swift */,
			);
			path = MemeLens;
			sourceTree = "<group>";
		};
		53964D5B2206141900767D94 /* Resources */ = {
			isa = PBXGroup;
			children = (
				53964D602206164E00767D94 /* UI.swift */,
				53964D502206136000767D94 /* Assets.xcassets */,
			);
			path = Resources;
			sourceTree = "<group>";
		};
		53964D6222061B8C00767D94 /* Extensions */ = {
			isa = PBXGroup;
			children = (
				53964D6322061BCF00767D94 /* UIColor+HexValue.swift */,
				53964D6522061C4C00767D94 /* UIViewController+AddRemoveChild.swift */,
				53964D6722061C6500767D94 /* String+image.swift */,
			);
			path = Extensions;
			sourceTree = "<group>";
		};
		6BD775FB1575ADF168E63763 /* Frameworks */ = {
			isa = PBXGroup;
			children = (
				F045E2928ACF67BDD7594432 /* Pods_MemeLens.framework */,
			);
			name = Frameworks;
			sourceTree = "<group>";
		};
		D6947A94D492073D48E51246 /* Pods */ = {
			isa = PBXGroup;
			children = (
				8E86E5AF0637EEE17D1AD548 /* Pods-MemeLens.debug.xcconfig */,
				BF0D17C88C52EB59975AA7CB /* Pods-MemeLens.release.xcconfig */,
			);
			name = Pods;
			sourceTree = "<group>";
		};
/* End PBXGroup section */

/* Begin PBXNativeTarget section */
		53964D452206135E00767D94 /* MemeLens */ = {
			isa = PBXNativeTarget;
			buildConfigurationList = 53964D582206136000767D94 /* Build configuration list for PBXNativeTarget "MemeLens" */;
			buildPhases = (
				97938F21562C92BE76631E5C /* [CP] Check Pods Manifest.lock */,
				53964D422206135E00767D94 /* Sources */,
				53964D432206135E00767D94 /* Frameworks */,
				53964D442206135E00767D94 /* Resources */,
				22B5CA3F85F70DEA4C60411F /* [CP] Embed Pods Frameworks */,
			);
			buildRules = (
			);
			dependencies = (
			);
			name = MemeLens;
			productName = MemeLens;
			productReference = 53964D462206135E00767D94 /* MemeLens.app */;
			productType = "com.apple.product-type.application";
		};
/* End PBXNativeTarget section */

/* Begin PBXProject section */
		53964D3E2206135E00767D94 /* Project object */ = {
			isa = PBXProject;
			attributes = {
				LastSwiftUpdateCheck = 1010;
				LastUpgradeCheck = 1010;
				ORGANIZATIONNAME = MemeLens;
				TargetAttributes = {
					53964D452206135E00767D94 = {
						CreatedOnToolsVersion = 10.1;
					};
				};
			};
			buildConfigurationList = 53964D412206135E00767D94 /* Build configuration list for PBXProject "MemeLens" */;
			compatibilityVersion = "Xcode 9.3";
			developmentRegion = en;
			hasScannedForEncodings = 0;
			knownRegions = (
				en,
				Base,
			);
			mainGroup = 53964D3D2206135E00767D94;
			productRefGroup = 53964D472206135E00767D94 /* Products */;
			projectDirPath = "";
			projectRoot = "";
			targets = (
				53964D452206135E00767D94 /* MemeLens */,
			);
		};
/* End PBXProject section */

/* Begin PBXResourcesBuildPhase section */
		53964D442206135E00767D94 /* Resources */ = {
			isa = PBXResourcesBuildPhase;
			buildActionMask = 2147483647;
			files = (
				53964D542206136000767D94 /* LaunchScreen.storyboard in Resources */,
				53964D512206136000767D94 /* Assets.xcassets in Resources */,
			);
			runOnlyForDeploymentPostprocessing = 0;
		};
/* End PBXResourcesBuildPhase section */

/* Begin PBXShellScriptBuildPhase section */
		22B5CA3F85F70DEA4C60411F /* [CP] Embed Pods Frameworks */ = {
			isa = PBXShellScriptBuildPhase;
			buildActionMask = 2147483647;
			files = (
			);
			inputFileListPaths = (
			);
			inputPaths = (
				"${SRCROOT}/Pods/Target Support Files/Pods-MemeLens/Pods-MemeLens-frameworks.sh",
				"${BUILT_PRODUCTS_DIR}/EasyPeasy/EasyPeasy.framework",
				"${BUILT_PRODUCTS_DIR}/Then/Then.framework",
			);
			name = "[CP] Embed Pods Frameworks";
			outputFileListPaths = (
			);
			outputPaths = (
				"${TARGET_BUILD_DIR}/${FRAMEWORKS_FOLDER_PATH}/EasyPeasy.framework",
				"${TARGET_BUILD_DIR}/${FRAMEWORKS_FOLDER_PATH}/Then.framework",
			);
			runOnlyForDeploymentPostprocessing = 0;
			shellPath = /bin/sh;
			shellScript = "\"${SRCROOT}/Pods/Target Support Files/Pods-MemeLens/Pods-MemeLens-frameworks.sh\"\n";
			showEnvVarsInLog = 0;
		};
		97938F21562C92BE76631E5C /* [CP] Check Pods Manifest.lock */ = {
			isa = PBXShellScriptBuildPhase;
			buildActionMask = 2147483647;
			files = (
			);
			inputFileListPaths = (
			);
			inputPaths = (
				"${PODS_PODFILE_DIR_PATH}/Podfile.lock",
				"${PODS_ROOT}/Manifest.lock",
			);
			name = "[CP] Check Pods Manifest.lock";
			outputFileListPaths = (
			);
			outputPaths = (
				"$(DERIVED_FILE_DIR)/Pods-MemeLens-checkManifestLockResult.txt",
			);
			runOnlyForDeploymentPostprocessing = 0;
			shellPath = /bin/sh;
			shellScript = "diff \"${PODS_PODFILE_DIR_PATH}/Podfile.lock\" \"${PODS_ROOT}/Manifest.lock\" > /dev/null\nif [ $? != 0 ] ; then\n    # print error to STDERR\n    echo \"error: The sandbox is not in sync with the Podfile.lock. Run 'pod install' or update your CocoaPods installation.\" >&2\n    exit 1\nfi\n# This output is used by Xcode 'outputs' to avoid re-running this script phase.\necho \"SUCCESS\" > \"${SCRIPT_OUTPUT_FILE_0}\"\n";
			showEnvVarsInLog = 0;
		};
/* End PBXShellScriptBuildPhase section */

/* Begin PBXSourcesBuildPhase section */
		53964D422206135E00767D94 /* Sources */ = {
			isa = PBXSourcesBuildPhase;
			buildActionMask = 2147483647;
			files = (
				53964D6422061BCF00767D94 /* UIColor+HexValue.swift in Sources */,
				53964D5F2206145600767D94 /* SplashViewController.swift in Sources */,
				53964D612206164E00767D94 /* UI.swift in Sources */,
				53964D4A2206135E00767D94 /* AppDelegate.swift in Sources */,
				53393D4E2206575C00AAEDA8 /* Images.swift in Sources */,
				53964D5D2206143700767D94 /* AppFlowController.swift in Sources */,
				53964D6822061C6500767D94 /* String+image.swift in Sources */,
				53964D6622061C4C00767D94 /* UIViewController+AddRemoveChild.swift in Sources */,
				53964D6A22061F4E00767D94 /* MainViewController.swift in Sources */,
			);
			runOnlyForDeploymentPostprocessing = 0;
		};
/* End PBXSourcesBuildPhase section */

/* Begin PBXVariantGroup section */
		53964D522206136000767D94 /* LaunchScreen.storyboard */ = {
			isa = PBXVariantGroup;
			children = (
				53964D532206136000767D94 /* Base */,
			);
			name = LaunchScreen.storyboard;
			sourceTree = "<group>";
		};
/* End PBXVariantGroup section */

/* Begin XCBuildConfiguration section */
		53964D562206136000767D94 /* Debug */ = {
			isa = XCBuildConfiguration;
			buildSettings = {
				ALWAYS_SEARCH_USER_PATHS = NO;
				CLANG_ANALYZER_NONNULL = YES;
				CLANG_ANALYZER_NUMBER_OBJECT_CONVERSION = YES_AGGRESSIVE;
				CLANG_CXX_LANGUAGE_STANDARD = "gnu++14";
				CLANG_CXX_LIBRARY = "libc++";
				CLANG_ENABLE_MODULES = YES;
				CLANG_ENABLE_OBJC_ARC = YES;
				CLANG_ENABLE_OBJC_WEAK = YES;
				CLANG_WARN_BLOCK_CAPTURE_AUTORELEASING = YES;
				CLANG_WARN_BOOL_CONVERSION = YES;
				CLANG_WARN_COMMA = YES;
				CLANG_WARN_CONSTANT_CONVERSION = YES;
				CLANG_WARN_DEPRECATED_OBJC_IMPLEMENTATIONS = YES;
				CLANG_WARN_DIRECT_OBJC_ISA_USAGE = YES_ERROR;
				CLANG_WARN_DOCUMENTATION_COMMENTS = YES;
				CLANG_WARN_EMPTY_BODY = YES;
				CLANG_WARN_ENUM_CONVERSION = YES;
				CLANG_WARN_INFINITE_RECURSION = YES;
				CLANG_WARN_INT_CONVERSION = YES;
				CLANG_WARN_NON_LITERAL_NULL_CONVERSION = YES;
				CLANG_WARN_OBJC_IMPLICIT_RETAIN_SELF = YES;
				CLANG_WARN_OBJC_LITERAL_CONVERSION = YES;
				CLANG_WARN_OBJC_ROOT_CLASS = YES_ERROR;
				CLANG_WARN_RANGE_LOOP_ANALYSIS = YES;
				CLANG_WARN_STRICT_PROTOTYPES = YES;
				CLANG_WARN_SUSPICIOUS_MOVE = YES;
				CLANG_WARN_UNGUARDED_AVAILABILITY = YES_AGGRESSIVE;
				CLANG_WARN_UNREACHABLE_CODE = YES;
				CLANG_WARN__DUPLICATE_METHOD_MATCH = YES;
				CODE_SIGN_IDENTITY = "iPhone Developer";
				COPY_PHASE_STRIP = NO;
				DEBUG_INFORMATION_FORMAT = dwarf;
				ENABLE_STRICT_OBJC_MSGSEND = YES;
				ENABLE_TESTABILITY = YES;
				GCC_C_LANGUAGE_STANDARD = gnu11;
				GCC_DYNAMIC_NO_PIC = NO;
				GCC_NO_COMMON_BLOCKS = YES;
				GCC_OPTIMIZATION_LEVEL = 0;
				GCC_PREPROCESSOR_DEFINITIONS = (
					"DEBUG=1",
					"$(inherited)",
				);
				GCC_WARN_64_TO_32_BIT_CONVERSION = YES;
				GCC_WARN_ABOUT_RETURN_TYPE = YES_ERROR;
				GCC_WARN_UNDECLARED_SELECTOR = YES;
				GCC_WARN_UNINITIALIZED_AUTOS = YES_AGGRESSIVE;
				GCC_WARN_UNUSED_FUNCTION = YES;
				GCC_WARN_UNUSED_VARIABLE = YES;
				IPHONEOS_DEPLOYMENT_TARGET = 12.1;
				MTL_ENABLE_DEBUG_INFO = INCLUDE_SOURCE;
				MTL_FAST_MATH = YES;
				ONLY_ACTIVE_ARCH = YES;
				SDKROOT = iphoneos;
				SWIFT_ACTIVE_COMPILATION_CONDITIONS = DEBUG;
				SWIFT_OPTIMIZATION_LEVEL = "-Onone";
			};
			name = Debug;
		};
		53964D572206136000767D94 /* Release */ = {
			isa = XCBuildConfiguration;
			buildSettings = {
				ALWAYS_SEARCH_USER_PATHS = NO;
				CLANG_ANALYZER_NONNULL = YES;
				CLANG_ANALYZER_NUMBER_OBJECT_CONVERSION = YES_AGGRESSIVE;
				CLANG_CXX_LANGUAGE_STANDARD = "gnu++14";
				CLANG_CXX_LIBRARY = "libc++";
				CLANG_ENABLE_MODULES = YES;
				CLANG_ENABLE_OBJC_ARC = YES;
				CLANG_ENABLE_OBJC_WEAK = YES;
				CLANG_WARN_BLOCK_CAPTURE_AUTORELEASING = YES;
				CLANG_WARN_BOOL_CONVERSION = YES;
				CLANG_WARN_COMMA = YES;
				CLANG_WARN_CONSTANT_CONVERSION = YES;
				CLANG_WARN_DEPRECATED_OBJC_IMPLEMENTATIONS = YES;
				CLANG_WARN_DIRECT_OBJC_ISA_USAGE = YES_ERROR;
				CLANG_WARN_DOCUMENTATION_COMMENTS = YES;
				CLANG_WARN_EMPTY_BODY = YES;
				CLANG_WARN_ENUM_CONVERSION = YES;
				CLANG_WARN_INFINITE_RECURSION = YES;
				CLANG_WARN_INT_CONVERSION = YES;
				CLANG_WARN_NON_LITERAL_NULL_CONVERSION = YES;
				CLANG_WARN_OBJC_IMPLICIT_RETAIN_SELF = YES;
				CLANG_WARN_OBJC_LITERAL_CONVERSION = YES;
				CLANG_WARN_OBJC_ROOT_CLASS = YES_ERROR;
				CLANG_WARN_RANGE_LOOP_ANALYSIS = YES;
				CLANG_WARN_STRICT_PROTOTYPES = YES;
				CLANG_WARN_SUSPICIOUS_MOVE = YES;
				CLANG_WARN_UNGUARDED_AVAILABILITY = YES_AGGRESSIVE;
				CLANG_WARN_UNREACHABLE_CODE = YES;
				CLANG_WARN__DUPLICATE_METHOD_MATCH = YES;
				CODE_SIGN_IDENTITY = "iPhone Developer";
				COPY_PHASE_STRIP = NO;
				DEBUG_INFORMATION_FORMAT = "dwarf-with-dsym";
				ENABLE_NS_ASSERTIONS = NO;
				ENABLE_STRICT_OBJC_MSGSEND = YES;
				GCC_C_LANGUAGE_STANDARD = gnu11;
				GCC_NO_COMMON_BLOCKS = YES;
				GCC_WARN_64_TO_32_BIT_CONVERSION = YES;
				GCC_WARN_ABOUT_RETURN_TYPE = YES_ERROR;
				GCC_WARN_UNDECLARED_SELECTOR = YES;
				GCC_WARN_UNINITIALIZED_AUTOS = YES_AGGRESSIVE;
				GCC_WARN_UNUSED_FUNCTION = YES;
				GCC_WARN_UNUSED_VARIABLE = YES;
				IPHONEOS_DEPLOYMENT_TARGET = 12.1;
				MTL_ENABLE_DEBUG_INFO = NO;
				MTL_FAST_MATH = YES;
				SDKROOT = iphoneos;
				SWIFT_COMPILATION_MODE = wholemodule;
				SWIFT_OPTIMIZATION_LEVEL = "-O";
				VALIDATE_PRODUCT = YES;
			};
			name = Release;
		};
		53964D592206136000767D94 /* Debug */ = {
			isa = XCBuildConfiguration;
			baseConfigurationReference = 8E86E5AF0637EEE17D1AD548 /* Pods-MemeLens.debug.xcconfig */;
			buildSettings = {
				ASSETCATALOG_COMPILER_APPICON_NAME = AppIcon;
				CODE_SIGN_STYLE = Automatic;
				DEVELOPMENT_TEAM = 8NK52B9LMW;
				INFOPLIST_FILE = MemeLens/Info.plist;
				LD_RUNPATH_SEARCH_PATHS = (
					"$(inherited)",
					"@executable_path/Frameworks",
				);
				PRODUCT_BUNDLE_IDENTIFIER = MemeLens.MemeLens;
				PRODUCT_NAME = "$(TARGET_NAME)";
				SWIFT_VERSION = 4.2;
				TARGETED_DEVICE_FAMILY = "1,2";
			};
			name = Debug;
		};
		53964D5A2206136000767D94 /* Release */ = {
			isa = XCBuildConfiguration;
			baseConfigurationReference = BF0D17C88C52EB59975AA7CB /* Pods-MemeLens.release.xcconfig */;
			buildSettings = {
				ASSETCATALOG_COMPILER_APPICON_NAME = AppIcon;
				CODE_SIGN_STYLE = Automatic;
				DEVELOPMENT_TEAM = 8NK52B9LMW;
				INFOPLIST_FILE = MemeLens/Info.plist;
				LD_RUNPATH_SEARCH_PATHS = (
					"$(inherited)",
					"@executable_path/Frameworks",
				);
				PRODUCT_BUNDLE_IDENTIFIER = MemeLens.MemeLens;
				PRODUCT_NAME = "$(TARGET_NAME)";
				SWIFT_VERSION = 4.2;
				TARGETED_DEVICE_FAMILY = "1,2";
			};
			name = Release;
		};
/* End XCBuildConfiguration section */

/* Begin XCConfigurationList section */
		53964D412206135E00767D94 /* Build configuration list for PBXProject "MemeLens" */ = {
			isa = XCConfigurationList;
			buildConfigurations = (
				53964D562206136000767D94 /* Debug */,
				53964D572206136000767D94 /* Release */,
			);
			defaultConfigurationIsVisible = 0;
			defaultConfigurationName = Release;
		};
		53964D582206136000767D94 /* Build configuration list for PBXNativeTarget "MemeLens" */ = {
			isa = XCConfigurationList;
			buildConfigurations = (
				53964D592206136000767D94 /* Debug */,
				53964D5A2206136000767D94 /* Release */,
			);
			defaultConfigurationIsVisible = 0;
			defaultConfigurationName = Release;
		};
/* End XCConfigurationList section */
	};
	rootObject = 53964D3E2206135E00767D94 /* Project object */;
}
